
Microsoft Visual Studio Solution File, Format Version 12.00
# Visual Studio Version 17
VisualStudioVersion = 17.4.33122.133
MinimumVisualStudioVersion = 10.0.40219.1
Project("{888888A0-9F3D-457C-B088-3A5042F75D52}") = "AOC_19", "AOC_19.pyproj", "{FBF29CBA-B04E-4610-837A-1B80D0DFCAE2}"
EndProject
Global
	GlobalSection(SolutionConfigurationPlatforms) = preSolution
		Debug|Any CPU = Debug|Any CPU
		Release|Any CPU = Release|Any CPU
	EndGlobalSection
	GlobalSection(ProjectConfigurationPlatforms) = postSolution
		{FBF29CBA-B04E-4610-837A-1B80D0DFCAE2}.Debug|Any CPU.ActiveCfg = Debug|Any CPU
		{FBF29CBA-B04E-4610-837A-1B80D0DFCAE2}.Release|Any CPU.ActiveCfg = Release|Any CPU
	EndGlobalSection
	GlobalSection(SolutionProperties) = preSolution
		HideSolutionNode = FALSE
	EndGlobalSection
	GlobalSection(ExtensibilityGlobals) = postSolution
		SolutionGuid = {3B2531F4-37DE-423E-AD3B-26F4A3EE61DA}
	EndGlobalSection
EndGlobal
