
Microsoft Visual Studio Solution File, Format Version 12.00
# Visual Studio Version 17
VisualStudioVersion = 17.4.33122.133
MinimumVisualStudioVersion = 10.0.40219.1
Project("{888888A0-9F3D-457C-B088-3A5042F75D52}") = "AOC_20", "AOC_20.pyproj", "{8C7919B1-7F94-4B76-A5E8-4B48372FB161}"
EndProject
Global
	GlobalSection(SolutionConfigurationPlatforms) = preSolution
		Debug|Any CPU = Debug|Any CPU
		Release|Any CPU = Release|Any CPU
	EndGlobalSection
	GlobalSection(ProjectConfigurationPlatforms) = postSolution
		{8C7919B1-7F94-4B76-A5E8-4B48372FB161}.Debug|Any CPU.ActiveCfg = Debug|Any CPU
		{8C7919B1-7F94-4B76-A5E8-4B48372FB161}.Release|Any CPU.ActiveCfg = Release|Any CPU
	EndGlobalSection
	GlobalSection(SolutionProperties) = preSolution
		HideSolutionNode = FALSE
	EndGlobalSection
	GlobalSection(ExtensibilityGlobals) = postSolution
		SolutionGuid = {181A085B-FF6B-4142-9A1B-94D884258382}
	EndGlobalSection
EndGlobal
