
Microsoft Visual Studio Solution File, Format Version 12.00
# Visual Studio Version 17
VisualStudioVersion = 17.2.33027.314
MinimumVisualStudioVersion = 10.0.40219.1
Project("{888888A0-9F3D-457C-B088-3A5042F75D52}") = "AOC_7", "AOC_7.pyproj", "{3EB46B04-666A-4742-BBD9-B4BAC38D455B}"
EndProject
Global
	GlobalSection(SolutionConfigurationPlatforms) = preSolution
		Debug|Any CPU = Debug|Any CPU
		Release|Any CPU = Release|Any CPU
	EndGlobalSection
	GlobalSection(ProjectConfigurationPlatforms) = postSolution
		{3EB46B04-666A-4742-BBD9-B4BAC38D455B}.Debug|Any CPU.ActiveCfg = Debug|Any CPU
		{3EB46B04-666A-4742-BBD9-B4BAC38D455B}.Release|Any CPU.ActiveCfg = Release|Any CPU
	EndGlobalSection
	GlobalSection(SolutionProperties) = preSolution
		HideSolutionNode = FALSE
	EndGlobalSection
	GlobalSection(ExtensibilityGlobals) = postSolution
		SolutionGuid = {2BEB8B17-0611-4B58-AE47-96A1B92831A4}
	EndGlobalSection
EndGlobal
