
Microsoft Visual Studio Solution File, Format Version 12.00
# Visual Studio Version 17
VisualStudioVersion = 17.4.33122.133
MinimumVisualStudioVersion = 10.0.40219.1
Project("{888888A0-9F3D-457C-B088-3A5042F75D52}") = "AOC_25", "AOC_25.pyproj", "{D8608DC6-D322-4D00-82AA-0AC6BF408DC9}"
EndProject
Global
	GlobalSection(SolutionConfigurationPlatforms) = preSolution
		Debug|Any CPU = Debug|Any CPU
		Release|Any CPU = Release|Any CPU
	EndGlobalSection
	GlobalSection(ProjectConfigurationPlatforms) = postSolution
		{D8608DC6-D322-4D00-82AA-0AC6BF408DC9}.Debug|Any CPU.ActiveCfg = Debug|Any CPU
		{D8608DC6-D322-4D00-82AA-0AC6BF408DC9}.Release|Any CPU.ActiveCfg = Release|Any CPU
	EndGlobalSection
	GlobalSection(SolutionProperties) = preSolution
		HideSolutionNode = FALSE
	EndGlobalSection
	GlobalSection(ExtensibilityGlobals) = postSolution
		SolutionGuid = {7EB5CB5B-7027-4A33-B32A-C13F0EE0FAC9}
	EndGlobalSection
EndGlobal
