
Microsoft Visual Studio Solution File, Format Version 12.00
# Visual Studio Version 17
VisualStudioVersion = 17.2.33027.314
MinimumVisualStudioVersion = 10.0.40219.1
Project("{888888A0-9F3D-457C-B088-3A5042F75D52}") = "AOC_13", "AOC_13.pyproj", "{4A85637D-73A5-487F-8587-D1A79B561E7D}"
EndProject
Global
	GlobalSection(SolutionConfigurationPlatforms) = preSolution
		Debug|Any CPU = Debug|Any CPU
		Release|Any CPU = Release|Any CPU
	EndGlobalSection
	GlobalSection(ProjectConfigurationPlatforms) = postSolution
		{4A85637D-73A5-487F-8587-D1A79B561E7D}.Debug|Any CPU.ActiveCfg = Debug|Any CPU
		{4A85637D-73A5-487F-8587-D1A79B561E7D}.Release|Any CPU.ActiveCfg = Release|Any CPU
	EndGlobalSection
	GlobalSection(SolutionProperties) = preSolution
		HideSolutionNode = FALSE
	EndGlobalSection
	GlobalSection(ExtensibilityGlobals) = postSolution
		SolutionGuid = {31E8E6D1-310B-4564-9E48-B4C91E2B6D2B}
	EndGlobalSection
EndGlobal
