
Microsoft Visual Studio Solution File, Format Version 12.00
# Visual Studio Version 17
VisualStudioVersion = 17.2.33027.314
MinimumVisualStudioVersion = 10.0.40219.1
Project("{888888A0-9F3D-457C-B088-3A5042F75D52}") = "AOC_8", "AOC_8.pyproj", "{47667BE2-F6AA-4CF1-A883-318AD9682258}"
EndProject
Global
	GlobalSection(SolutionConfigurationPlatforms) = preSolution
		Debug|Any CPU = Debug|Any CPU
		Release|Any CPU = Release|Any CPU
	EndGlobalSection
	GlobalSection(ProjectConfigurationPlatforms) = postSolution
		{47667BE2-F6AA-4CF1-A883-318AD9682258}.Debug|Any CPU.ActiveCfg = Debug|Any CPU
		{47667BE2-F6AA-4CF1-A883-318AD9682258}.Release|Any CPU.ActiveCfg = Release|Any CPU
	EndGlobalSection
	GlobalSection(SolutionProperties) = preSolution
		HideSolutionNode = FALSE
	EndGlobalSection
	GlobalSection(ExtensibilityGlobals) = postSolution
		SolutionGuid = {C2A1BC28-C285-432B-A8D7-2F0476E3D52C}
	EndGlobalSection
EndGlobal
